
Microsoft Visual Studio Solution File, Format Version 12.00
# Visual Studio Version 16
VisualStudioVersion = 25.0.1706.6
MinimumVisualStudioVersion = 10.0.40219.1
Project("{FAE04EC0-301F-11D3-BF4B-00C04F79EFBC}") = "proje", "proje.csproj", "{62743065-0132-4E1B-A2D2-3B4071752668}"
EndProject
Global
	GlobalSection(SolutionConfigurationPlatforms) = preSolution
		Debug|Any CPU = Debug|Any CPU
		Release|Any CPU = Release|Any CPU
	EndGlobalSection
	GlobalSection(ProjectConfigurationPlatforms) = postSolution
		{62743065-0132-4E1B-A2D2-3B4071752668}.Debug|Any CPU.ActiveCfg = Debug|Any CPU
		{62743065-0132-4E1B-A2D2-3B4071752668}.Debug|Any CPU.Build.0 = Debug|Any CPU
		{62743065-0132-4E1B-A2D2-3B4071752668}.Release|Any CPU.ActiveCfg = Release|Any CPU
		{62743065-0132-4E1B-A2D2-3B4071752668}.Release|Any CPU.Build.0 = Release|Any CPU
	EndGlobalSection
	GlobalSection(SolutionProperties) = preSolution
		HideSolutionNode = FALSE
	EndGlobalSection
	GlobalSection(ExtensibilityGlobals) = postSolution
		SolutionGuid = {96E10D43-428B-402F-B393-C959324E9B51}
	EndGlobalSection
EndGlobal
